{
  "name": "test",
  "lockfileVersion": 2,
  "requires": true,
  "packages": {
    "": {
      "dependencies": {
        "pareto-test-lib": "^0.29.0"
      }
    },
    "node_modules/pareto-core-async": {
      "version": "0.25.0",
      "resolved": "https://registry.npmjs.org/pareto-core-async/-/pareto-core-async-0.25.0.tgz",
      "integrity": "sha512-MIMox9VV3eAbcIA/9Slw6ibasniaFMYdFyVcCHTrCbi8YXh/aCAlNnZc9/9ZA/tQKmbLW2lzjQbylpOD5VWVaA==",
      "dependencies": {
        "pareto-core-lib": "^0.11.0",
        "pareto-statemachine-core": "^0.1.0"
      }
    },
    "node_modules/pareto-diff-api": {
      "version": "0.9.0",
      "resolved": "https://registry.npmjs.org/pareto-diff-api/-/pareto-diff-api-0.9.0.tgz",
      "integrity": "sha512-H/Z6JpQxWSzZ10IcHMCMa4yJkkP9SwDIRCWZqQEXpj9stwChVO5IN/Fd1UQ5XQrR5cB0SzW5OTAi+sAcl4PVSQ==",
      "dependencies": {
        "pareto-typesystem-core": "^0.4.0"
      }
    },
    "node_modules/pareto-filesystem-api": {
      "version": "0.29.0",
      "resolved": "https://registry.npmjs.org/pareto-filesystem-api/-/pareto-filesystem-api-0.29.0.tgz",
      "integrity": "sha512-iwfGwP+87OC26u26h7q6zU8wEdYDkmfgyDnfhL6L85lmuBmkMZryaw271Y3dRco2Z9Uqm8zX37w2xfcvu4Z+ZQ==",
      "dependencies": {
        "pareto-typesystem-core": "^0.4.0"
      }
    },
    "node_modules/pareto-handledfilesystem-api": {
      "version": "0.14.0",
      "resolved": "https://registry.npmjs.org/pareto-handledfilesystem-api/-/pareto-handledfilesystem-api-0.14.0.tgz",
      "integrity": "sha512-dB3KvTVgEoZkToYdibYQCGhMYn9YBCZmT4WXq6DEe3t/512nYRVAyZVwkPTPjCrwVnTaJ6RDiuOri1HZAk7vwQ==",
      "dependencies": {
        "pareto-typesystem-core": "^0.4.0"
      }
    },
    "node_modules/pareto-core-lib": {
      "version": "0.11.0",
      "resolved": "https://registry.npmjs.org/pareto-core-lib/-/pareto-core-lib-0.11.0.tgz",
      "integrity": "sha512-1oxjBVEjORAot9gbEuA4hfolvTYi2iju6emT47zMpL/VwtHrVg42chtZAHQPU7AVGD+ItIeuoX4DMG9OnHJeDQ==",
      "dependencies": {
        "pareto-typesystem-core": "^0.4.0"
      }
    },
    "node_modules/pareto-statemachine-core": {
      "version": "0.1.0",
      "resolved": "https://registry.npmjs.org/pareto-statemachine-core/-/pareto-statemachine-core-0.1.0.tgz",
      "integrity": "sha512-XqoC/61BJFiSM/t68k6TFMqHE8cbNI3xoyOmyrAUJzSjBXr3hUAUUxLIuMmx1SHUjaArQ07B1Glw4qgea0z5MA==",
      "dependencies": {
        "pareto-core-lib": "^0.11.0"
      }
    },
    "node_modules/pareto-test-lib": {
      "version": "0.29.0",
      "resolved": "https://registry.npmjs.org/pareto-test-lib/-/pareto-test-lib-0.29.0.tgz",
      "integrity": "sha512-GC9WBF4lrvMUMZL7AKgne+8fo3g7TwADCnk5bwQaKVupazDfA4oxxwEvJDiQlJpBJoaWfTLWzUf/uedoYQ5F+A==",
      "dependencies": {
        "pareto-core-async": "^0.25.0",
        "pareto-diff-api": "^0.9.0",
        "pareto-filesystem-api": "^0.29.0",
        "pareto-handledfilesystem-api": "^0.14.0",
        "pareto-core-lib": "^0.11.0"
      }
    },
    "node_modules/pareto-typesystem-core": {
      "version": "0.4.0",
      "resolved": "https://registry.npmjs.org/pareto-typesystem-core/-/pareto-typesystem-core-0.4.0.tgz",
      "integrity": "sha512-5fk2LTxNyo3TCz/+c9MTcbiWzJLBPL6uHuYXloOKdMtsGQ/djf4josk6NtfdTNpcJSGDapYGbiRm8uxfWp6e0w=="
    }
  },
  "dependencies": {
    "pareto-core-async": {
      "version": "0.25.0",
      "resolved": "https://registry.npmjs.org/pareto-core-async/-/pareto-core-async-0.25.0.tgz",
      "integrity": "sha512-MIMox9VV3eAbcIA/9Slw6ibasniaFMYdFyVcCHTrCbi8YXh/aCAlNnZc9/9ZA/tQKmbLW2lzjQbylpOD5VWVaA==",
      "requires": {
        "pareto-core-lib": "^0.11.0",
        "pareto-statemachine-core": "^0.1.0"
      }
    },
    "pareto-diff-api": {
      "version": "0.9.0",
      "resolved": "https://registry.npmjs.org/pareto-diff-api/-/pareto-diff-api-0.9.0.tgz",
      "integrity": "sha512-H/Z6JpQxWSzZ10IcHMCMa4yJkkP9SwDIRCWZqQEXpj9stwChVO5IN/Fd1UQ5XQrR5cB0SzW5OTAi+sAcl4PVSQ==",
      "requires": {
        "pareto-typesystem-core": "^0.4.0"
      }
    },
    "pareto-filesystem-api": {
      "version": "0.29.0",
      "resolved": "https://registry.npmjs.org/pareto-filesystem-api/-/pareto-filesystem-api-0.29.0.tgz",
      "integrity": "sha512-iwfGwP+87OC26u26h7q6zU8wEdYDkmfgyDnfhL6L85lmuBmkMZryaw271Y3dRco2Z9Uqm8zX37w2xfcvu4Z+ZQ==",
      "requires": {
        "pareto-typesystem-core": "^0.4.0"
      }
    },
    "pareto-handledfilesystem-api": {
      "version": "0.14.0",
      "resolved": "https://registry.npmjs.org/pareto-handledfilesystem-api/-/pareto-handledfilesystem-api-0.14.0.tgz",
      "integrity": "sha512-dB3KvTVgEoZkToYdibYQCGhMYn9YBCZmT4WXq6DEe3t/512nYRVAyZVwkPTPjCrwVnTaJ6RDiuOri1HZAk7vwQ==",
      "requires": {
        "pareto-typesystem-core": "^0.4.0"
      }
    },
    "pareto-core-lib": {
      "version": "0.11.0",
      "resolved": "https://registry.npmjs.org/pareto-core-lib/-/pareto-core-lib-0.11.0.tgz",
      "integrity": "sha512-1oxjBVEjORAot9gbEuA4hfolvTYi2iju6emT47zMpL/VwtHrVg42chtZAHQPU7AVGD+ItIeuoX4DMG9OnHJeDQ==",
      "requires": {
        "pareto-typesystem-core": "^0.4.0"
      }
    },
    "pareto-statemachine-core": {
      "version": "0.1.0",
      "resolved": "https://registry.npmjs.org/pareto-statemachine-core/-/pareto-statemachine-core-0.1.0.tgz",
      "integrity": "sha512-XqoC/61BJFiSM/t68k6TFMqHE8cbNI3xoyOmyrAUJzSjBXr3hUAUUxLIuMmx1SHUjaArQ07B1Glw4qgea0z5MA==",
      "requires": {
        "pareto-core-lib": "^0.11.0"
      }
    },
    "pareto-test-lib": {
      "version": "0.29.0",
      "resolved": "https://registry.npmjs.org/pareto-test-lib/-/pareto-test-lib-0.29.0.tgz",
      "integrity": "sha512-GC9WBF4lrvMUMZL7AKgne+8fo3g7TwADCnk5bwQaKVupazDfA4oxxwEvJDiQlJpBJoaWfTLWzUf/uedoYQ5F+A==",
      "requires": {
        "pareto-core-async": "^0.25.0",
        "pareto-diff-api": "^0.9.0",
        "pareto-filesystem-api": "^0.29.0",
        "pareto-handledfilesystem-api": "^0.14.0",
        "pareto-core-lib": "^0.11.0"
      }
    },
    "pareto-typesystem-core": {
      "version": "0.4.0",
      "resolved": "https://registry.npmjs.org/pareto-typesystem-core/-/pareto-typesystem-core-0.4.0.tgz",
      "integrity": "sha512-5fk2LTxNyo3TCz/+c9MTcbiWzJLBPL6uHuYXloOKdMtsGQ/djf4josk6NtfdTNpcJSGDapYGbiRm8uxfWp6e0w=="
    }
  }
}
