{
  "name": "pareto-core-exe",
  "version": "0.22.0",
  "lockfileVersion": 2,
  "requires": true,
  "packages": {
    "": {
      "name": "pareto-core-exe",
      "version": "0.22.0",
      "license": "ISC",
      "dependencies": {
        "pareto-core-internals": "^0.22.0"
      },
      "devDependencies": {
        "@types/node": "^18.11.9"
      }
    },
    "node_modules/@types/node": {
      "version": "18.15.10",
      "resolved": "https://registry.npmjs.org/@types/node/-/node-18.15.10.tgz",
      "integrity": "sha512-9avDaQJczATcXgfmMAW3MIWArOO7A+m90vuCFLr8AotWf8igO/mRoYukrk2cqZVtv38tHs33retzHEilM7FpeQ==",
      "dev": true
    },
    "node_modules/pareto-core-internals": {
      "version": "0.22.0",
      "resolved": "https://registry.npmjs.org/pareto-core-internals/-/pareto-core-internals-0.22.0.tgz",
      "integrity": "sha512-WPgGnHl96DTS75dDBytuNR4U6gMs5STfRsCnRldAhbDZ/Z+4Kc843H6Yi+/InmcowpxMoQSINPo8AoNwO9gpyA==",
      "license": "ISC",
      "dependencies": {
        "pareto-core-types": "^0.16.1"
      }
    },
    "node_modules/pareto-core-types": {
      "version": "0.16.2",
      "resolved": "https://registry.npmjs.org/pareto-core-types/-/pareto-core-types-0.16.2.tgz",
      "integrity": "sha512-3rnXvi3vlt80nS/fhAqy0Z4+d7t+tv5vMgg1GwMjeAzqEACGoW+djaGHGoX4XajKO3sUPHG81+f6qJuG2BhK3A==",
      "license": "ISC"
    }
  },
  "dependencies": {
    "@types/node": {
      "version": "18.15.10",
      "resolved": "https://registry.npmjs.org/@types/node/-/node-18.15.10.tgz",
      "integrity": "sha512-9avDaQJczATcXgfmMAW3MIWArOO7A+m90vuCFLr8AotWf8igO/mRoYukrk2cqZVtv38tHs33retzHEilM7FpeQ==",
      "dev": true
    },
    "pareto-core-internals": {
      "version": "0.22.0",
      "resolved": "https://registry.npmjs.org/pareto-core-internals/-/pareto-core-internals-0.22.0.tgz",
      "integrity": "sha512-WPgGnHl96DTS75dDBytuNR4U6gMs5STfRsCnRldAhbDZ/Z+4Kc843H6Yi+/InmcowpxMoQSINPo8AoNwO9gpyA==",
      "requires": {
        "pareto-core-types": "^0.16.1"
      }
    },
    "pareto-core-types": {
      "version": "0.16.2",
      "resolved": "https://registry.npmjs.org/pareto-core-types/-/pareto-core-types-0.16.2.tgz",
      "integrity": "sha512-3rnXvi3vlt80nS/fhAqy0Z4+d7t+tv5vMgg1GwMjeAzqEACGoW+djaGHGoX4XajKO3sUPHG81+f6qJuG2BhK3A=="
    }
  }
}
